
Microsoft Visual Studio Solution File, Format Version 12.00
# Visual Studio Version 16
VisualStudioVersion = 16.0.28803.202
MinimumVisualStudioVersion = 10.0.40219.1
Project("{FAE04EC0-301F-11D3-BF4B-00C04F79EFBC}") = "lab_rab", "lab_rab\lab_rab.csproj", "{39611BD5-171A-4586-ADF8-5740453C198E}"
EndProject
Global
	GlobalSection(SolutionConfigurationPlatforms) = preSolution
		Debug|Any CPU = Debug|Any CPU
		Release|Any CPU = Release|Any CPU
	EndGlobalSection
	GlobalSection(ProjectConfigurationPlatforms) = postSolution
		{39611BD5-171A-4586-ADF8-5740453C198E}.Debug|Any CPU.ActiveCfg = Debug|Any CPU
		{39611BD5-171A-4586-ADF8-5740453C198E}.Debug|Any CPU.Build.0 = Debug|Any CPU
		{39611BD5-171A-4586-ADF8-5740453C198E}.Release|Any CPU.ActiveCfg = Release|Any CPU
		{39611BD5-171A-4586-ADF8-5740453C198E}.Release|Any CPU.Build.0 = Release|Any CPU
	EndGlobalSection
	GlobalSection(SolutionProperties) = preSolution
		HideSolutionNode = FALSE
	EndGlobalSection
	GlobalSection(ExtensibilityGlobals) = postSolution
		SolutionGuid = {749E51BA-3E91-4311-8285-775FEF7E5B17}
	EndGlobalSection
EndGlobal
